
Microsoft Visual Studio Solution File, Format Version 12.00
# Visual Studio Version 16
VisualStudioVersion = 16.0.33927.289
MinimumVisualStudioVersion = 10.0.40219.1
Project("{FAE04EC0-301F-11D3-BF4B-00C04F79EFBC}") = "Apuestas.FE", "Apuestas.FE\Apuestas.FE.csproj", "{3496221A-A37B-4B6C-826E-A29F9C041803}"
EndProject
Project("{FAE04EC0-301F-11D3-BF4B-00C04F79EFBC}") = "Apuestas.BE", "Apuestas.BE\Apuestas.BE.csproj", "{1997C798-A702-4505-8EBE-4CD0BC6DA8C9}"
EndProject
Global
	GlobalSection(SolutionConfigurationPlatforms) = preSolution
		Debug|Any CPU = Debug|Any CPU
		Release|Any CPU = Release|Any CPU
	EndGlobalSection
	GlobalSection(ProjectConfigurationPlatforms) = postSolution
		{3496221A-A37B-4B6C-826E-A29F9C041803}.Debug|Any CPU.ActiveCfg = Debug|Any CPU
		{3496221A-A37B-4B6C-826E-A29F9C041803}.Debug|Any CPU.Build.0 = Debug|Any CPU
		{3496221A-A37B-4B6C-826E-A29F9C041803}.Release|Any CPU.ActiveCfg = Release|Any CPU
		{3496221A-A37B-4B6C-826E-A29F9C041803}.Release|Any CPU.Build.0 = Release|Any CPU
		{1997C798-A702-4505-8EBE-4CD0BC6DA8C9}.Debug|Any CPU.ActiveCfg = Debug|Any CPU
		{1997C798-A702-4505-8EBE-4CD0BC6DA8C9}.Debug|Any CPU.Build.0 = Debug|Any CPU
		{1997C798-A702-4505-8EBE-4CD0BC6DA8C9}.Release|Any CPU.ActiveCfg = Release|Any CPU
		{1997C798-A702-4505-8EBE-4CD0BC6DA8C9}.Release|Any CPU.Build.0 = Release|Any CPU
	EndGlobalSection
	GlobalSection(SolutionProperties) = preSolution
		HideSolutionNode = FALSE
	EndGlobalSection
	GlobalSection(ExtensibilityGlobals) = postSolution
		SolutionGuid = {0395A9B8-BA89-404B-B99A-C0717375855D}
	EndGlobalSection
EndGlobal
